# Generated by conda-lock.
# platform: linux-64
# input_hash: 333753f45d1c289205401d44590664cf27c267d67b9dbd8b60470927397b7a75
@EXPLICIT
https://conda.anaconda.org/conda-forge/linux-64/_libgcc_mutex-0.1-conda_forge.tar.bz2#d7c89558ba9fa0495403155b64376d81
https://conda.anaconda.org/conda-forge/linux-64/ca-certificates-2024.2.2-hbcca054_0.conda#2f4327a1cbe7f022401b236e915a5fef
https://conda.anaconda.org/nvidia/linux-64/cuda-cudart-12.1.105-0.tar.bz2#001823a01c0d49300fd9622c4578eb40
https://conda.anaconda.org/nvidia/linux-64/cuda-cupti-12.1.105-0.tar.bz2#c0bfa9a714fd8099e085c70ab2ebe6ec
https://conda.anaconda.org/nvidia/linux-64/cuda-nvrtc-12.1.105-0.tar.bz2#12c15423c4eeb41fee6df3a2e5ab53ab
https://conda.anaconda.org/nvidia/linux-64/cuda-nvtx-12.1.105-0.tar.bz2#813ed3c0b687b8bb5daebf43889d8317
https://conda.anaconda.org/nvidia/linux-64/cuda-opencl-12.4.127-0.tar.bz2#3de25496d2b46d83abb8c910ea9842cb
https://conda.anaconda.org/conda-forge/linux-64/ld_impl_linux-64-2.40-h55db66e_0.conda#10569984e7db886e4f1abc2b47ad79a1
https://conda.anaconda.org/nvidia/linux-64/libcublas-12.1.0.26-0.tar.bz2#74f872929a02e01ef746a064fa46a80c
https://conda.anaconda.org/nvidia/linux-64/libcufft-11.0.2.4-0.tar.bz2#b53f7ea28a363eb6d218bcbffb9d26aa
https://conda.anaconda.org/nvidia/linux-64/libcufile-1.9.1.3-0.tar.bz2#9cfc0beef98713d3be47f934251b5154
https://conda.anaconda.org/nvidia/linux-64/libcurand-10.3.5.147-0.tar.bz2#e9406bdc4209f8cd5fdb40c8df41d3d9
https://conda.anaconda.org/nvidia/linux-64/libcusolver-11.4.4.55-0.tar.bz2#2d2fe4a7af91ec8a1eee7f1f0cf7b050
https://conda.anaconda.org/nvidia/linux-64/libcusparse-12.0.2.55-0.tar.bz2#c295ea64ea0654af0cbe833431de6daa
https://conda.anaconda.org/nvidia/linux-64/libnpp-12.0.2.50-0.tar.bz2#072e390c1e0e4909bdd7508dd6af1474
https://conda.anaconda.org/nvidia/linux-64/libnvjitlink-12.1.105-0.tar.bz2#0155acf6f5117613ba17c65d9be4f2f1
https://conda.anaconda.org/nvidia/linux-64/libnvjpeg-12.1.1.14-0.tar.bz2#4dea93d43adfd03388b31f2ae9892558
https://conda.anaconda.org/conda-forge/linux-64/libstdcxx-ng-13.2.0-hc0a3c3a_6.conda#2f18345bbc433c8a1ed887d7161e86a6
https://conda.anaconda.org/conda-forge/linux-64/python_abi-3.11-4_cp311.conda#d786502c97404c94d7d58d258a445a65
https://conda.anaconda.org/pytorch/noarch/pytorch-mutex-1.0-cuda.tar.bz2#a948316e36fb5b11223b3fcfa93f8358
https://conda.anaconda.org/conda-forge/noarch/tzdata-2024a-h0c530f3_0.conda#161081fc7cec0bfda0d86d7cb595f8d8
https://conda.anaconda.org/nvidia/linux-64/cuda-libraries-12.1.0-0.tar.bz2#8c08238819848e471a6213db526dbf15
https://conda.anaconda.org/nvidia/linux-64/cuda-runtime-12.1.0-0.tar.bz2#95e8c2f09ec28cce7cdecd6200b5d26e
https://conda.anaconda.org/pytorch/linux-64/pytorch-cuda-12.1-ha16c6d3_5.tar.bz2#ffc0937cf6ba3ffb299b0c256accc53f
https://conda.anaconda.org/conda-forge/linux-64/_openmp_mutex-4.5-2_kmp_llvm.tar.bz2#562b26ba2e19059551a811e72ab7f793
https://conda.anaconda.org/conda-forge/linux-64/libgcc-ng-13.2.0-h77fa898_6.conda#4398809ac84d0b8c28beebaaa83277f5
https://conda.anaconda.org/conda-forge/linux-64/bzip2-1.0.8-hd590300_5.conda#69b8b6202a07720f448be700e300ccf4
https://conda.anaconda.org/conda-forge/linux-64/gmp-6.3.0-h59595ed_1.conda#e358c7c5f6824c272b5034b3816438a7
https://conda.anaconda.org/conda-forge/linux-64/icu-73.2-h59595ed_0.conda#cc47e1facc155f91abd89b11e48e72ff
https://conda.anaconda.org/conda-forge/linux-64/libexpat-2.6.2-h59595ed_0.conda#e7ba12deb7020dd080c6c70e7b6f6a3d
https://conda.anaconda.org/conda-forge/linux-64/libffi-3.4.2-h7f98852_5.tar.bz2#d645c6d2ac96843a2bfaccd2d62b3ac3
https://conda.anaconda.org/conda-forge/linux-64/libgfortran5-13.2.0-h43f5ff8_6.conda#e54a5ddc67e673f9105cf2a2e9c070b0
https://conda.anaconda.org/conda-forge/linux-64/libiconv-1.17-hd590300_2.conda#d66573916ffcf376178462f1b61c941e
https://conda.anaconda.org/conda-forge/linux-64/libnsl-2.0.1-hd590300_0.conda#30fd6e37fe21f86f4bd26d6ee73eeec7
https://conda.anaconda.org/conda-forge/linux-64/libuuid-2.38.1-h0b41bf4_0.conda#40b61aab5c7ba9ff276c41cfffe6b80b
https://conda.anaconda.org/conda-forge/linux-64/libxcrypt-4.4.36-hd590300_1.conda#5aa797f8787fe7a17d1b0821485b5adc
https://conda.anaconda.org/conda-forge/linux-64/libzlib-1.2.13-hd590300_5.conda#f36c115f1ee199da648e0597ec2047ad
https://conda.anaconda.org/conda-forge/linux-64/ncurses-6.4.20240210-h59595ed_0.conda#97da8860a0da5413c7c98a3b3838a645
https://conda.anaconda.org/conda-forge/linux-64/openssl-3.2.1-hd590300_1.conda#9d731343cff6ee2e5a25c4a091bf8e2a
https://conda.anaconda.org/conda-forge/linux-64/xz-5.2.6-h166bdaf_0.tar.bz2#2161070d867d1b1204ea749c8eec4ef0
https://conda.anaconda.org/conda-forge/linux-64/yaml-0.2.5-h7f98852_2.tar.bz2#4cb3ad778ec2d5a7acbdf254eb1c42ae
https://conda.anaconda.org/conda-forge/linux-64/libgfortran-ng-13.2.0-h69a702a_6.conda#3666a850342f8f3be88f9a93d948d027
https://conda.anaconda.org/conda-forge/linux-64/libsqlite-3.45.3-h2797004_0.conda#b3316cbe90249da4f8e84cd66e1cc55b
https://conda.anaconda.org/conda-forge/linux-64/libxml2-2.12.6-h232c23b_2.conda#9a3a42df8a95f65334dfc7b80da1195d
https://conda.anaconda.org/conda-forge/linux-64/llvm-openmp-15.0.7-h0cdce71_0.conda#589c9a3575a050b583241c3d688ad9aa
https://conda.anaconda.org/conda-forge/linux-64/mpfr-4.2.1-h9458935_1.conda#8083b20f566639c22f78bcd6ca35b276
https://conda.anaconda.org/conda-forge/linux-64/readline-8.2-h8228510_1.conda#47d31b792659ce70f470b5c82fdfb7a4
https://conda.anaconda.org/conda-forge/linux-64/tk-8.6.13-noxft_h4845f30_101.conda#d453b98d9c83e71da0741bb0ff4d76bc
https://conda.anaconda.org/conda-forge/linux-64/libhwloc-2.10.0-default_h2fb2949_1000.conda#7e3726e647a619c6ce5939014dfde86d
https://conda.anaconda.org/conda-forge/linux-64/mpc-1.3.1-hfe3b2da_0.conda#289c71e83dc0daa7d4c81f04180778ca
https://conda.anaconda.org/conda-forge/linux-64/python-3.11.7-hab00c5b_1_cpython.conda#27cf681282c11dba7b0b1fd266e8f289
https://conda.anaconda.org/conda-forge/linux-64/brotli-python-1.1.0-py311hb755f60_1.conda#cce9e7c3f1c307f2a5fb08a2922d6164
https://conda.anaconda.org/conda-forge/noarch/certifi-2024.2.2-pyhd8ed1ab_0.conda#0876280e409658fc6f9e75d035960333
https://conda.anaconda.org/conda-forge/noarch/charset-normalizer-3.3.2-pyhd8ed1ab_0.conda#7f4a9e3fcff3f6356ae99244a014da6a
https://conda.anaconda.org/conda-forge/noarch/colorama-0.4.6-pyhd8ed1ab_0.tar.bz2#3faab06a954c2a04039983f2c4a50d99
https://conda.anaconda.org/conda-forge/noarch/filelock-3.14.0-pyhd8ed1ab_0.conda#831d85ae0acfba31b8efd0f0d07da736
https://conda.anaconda.org/conda-forge/noarch/fsspec-2024.3.1-pyhca7485f_0.conda#b7f0662ef2c9d4404f0af9eef5ed2fde
https://conda.anaconda.org/conda-forge/linux-64/gmpy2-2.1.5-py311he48d604_0.conda#653ff815c53880a870ec03fb1cae0f94
https://conda.anaconda.org/conda-forge/noarch/idna-3.7-pyhd8ed1ab_0.conda#c0cc1420498b17414d8617d0b9f506ca
https://conda.anaconda.org/conda-forge/linux-64/markupsafe-2.1.5-py311h459d7ec_0.conda#a322b4185121935c871d201ae00ac143
https://conda.anaconda.org/conda-forge/noarch/mpmath-1.3.0-pyhd8ed1ab_0.conda#dbf6e2d89137da32fa6670f3bffc024e
https://conda.anaconda.org/conda-forge/noarch/networkx-3.3-pyhd8ed1ab_1.conda#d335fd5704b46f4efb89a6774e81aef0
https://conda.anaconda.org/conda-forge/noarch/packaging-24.0-pyhd8ed1ab_0.conda#248f521b64ce055e7feae3105e7abeb8
https://conda.anaconda.org/conda-forge/linux-64/psutil-5.9.8-py311h459d7ec_0.conda#9bc62d25dcf64eec484974a3123c9d57
https://conda.anaconda.org/conda-forge/noarch/pyparsing-3.1.2-pyhd8ed1ab_0.conda#b9a4dacf97241704529131a0dfc0494f
https://conda.anaconda.org/conda-forge/noarch/pysocks-1.7.1-pyha2e5f31_6.tar.bz2#2a7de29fb590ca14b5243c4c812c8025
https://conda.anaconda.org/conda-forge/linux-64/pyyaml-6.0.1-py311h459d7ec_1.conda#52719a74ad130de8fb5d047dc91f247a
https://conda.anaconda.org/conda-forge/noarch/setuptools-69.5.1-pyhd8ed1ab_0.conda#7462280d81f639363e6e63c81276bd9e
https://conda.anaconda.org/conda-forge/linux-64/tbb-2021.12.0-h00ab1b0_0.conda#f1b776cff1b426e7e7461a8502a3b731
https://conda.anaconda.org/conda-forge/noarch/threadpoolctl-3.5.0-pyhc1e730c_0.conda#df68d78237980a159bd7149f33c0e8fd
https://conda.anaconda.org/conda-forge/noarch/typing_extensions-4.11.0-pyha770c72_0.conda#6ef2fc37559256cf682d8b3375e89b80
https://conda.anaconda.org/conda-forge/noarch/wheel-0.43.0-pyhd8ed1ab_1.conda#0b5293a157c2b5cd513dd1b03d8d3aae
https://conda.anaconda.org/conda-forge/noarch/jinja2-3.1.3-pyhd8ed1ab_0.conda#e7d8df6509ba635247ff9aea31134262
https://conda.anaconda.org/conda-forge/noarch/joblib-1.4.2-pyhd8ed1ab_0.conda#25df261d4523d9f9783bcdb7208d872f
https://conda.anaconda.org/conda-forge/noarch/lightning-utilities-0.10.1-pyhd8ed1ab_0.conda#4132ed16f8074bc111d477c52508fda4
https://conda.anaconda.org/conda-forge/linux-64/mkl-2022.2.1-h84fe81f_16997.conda#a7ce56d5757f5b57e7daabe703ade5bb
https://conda.anaconda.org/conda-forge/noarch/pip-24.0-pyhd8ed1ab_0.conda#f586ac1e56c8638b64f9c8122a7b8a67
https://conda.anaconda.org/conda-forge/noarch/sympy-1.12-pypyh9d50eac_103.conda#2f7d6347d7acf6edf1ac7f2189f44c8f
https://conda.anaconda.org/conda-forge/noarch/tqdm-4.66.2-pyhd8ed1ab_0.conda#2b8dfb969f984497f3f98409a9545776
https://conda.anaconda.org/conda-forge/noarch/typing-extensions-4.11.0-hd8ed1ab_0.conda#471e3988f8ca5e9eb3ce6be7eac3bcee
https://conda.anaconda.org/conda-forge/noarch/urllib3-2.2.1-pyhd8ed1ab_0.conda#08807a87fa7af10754d46f63b368e016
https://conda.anaconda.org/conda-forge/linux-64/blas-1.0-mkl.tar.bz2#349aef876b1d8c9dccae01de20d5b385
https://conda.anaconda.org/conda-forge/linux-64/libblas-3.9.0-16_linux64_mkl.tar.bz2#85f61af03fd291dae33150ffe89dc09a
https://conda.anaconda.org/conda-forge/noarch/requests-2.31.0-pyhd8ed1ab_0.conda#a30144e4156cdbb236f99ebb49828f8b
https://conda.anaconda.org/conda-forge/linux-64/libcblas-3.9.0-16_linux64_mkl.tar.bz2#361bf757b95488de76c4f123805742d3
https://conda.anaconda.org/conda-forge/linux-64/liblapack-3.9.0-16_linux64_mkl.tar.bz2#a2f166748917d6d6e4707841ca1f519e
https://conda.anaconda.org/conda-forge/linux-64/numpy-1.26.4-py311h64a7726_0.conda#a502d7aad449a1206efb366d6a12c52d
https://conda.anaconda.org/conda-forge/linux-64/scipy-1.13.0-py311h517d4fd_1.conda#a86b8bea39e292a23b2cf9a750f49ea1
https://conda.anaconda.org/conda-forge/linux-64/scikit-learn-1.4.2-py311hc009520_0.conda#5ab3d4d008b052a16c66787e2ea000ba
https://conda.anaconda.org/pyg/linux-64/pyg-2.4.0-py311_torch_2.1.0_cu121.tar.bz2#1f525b201301c900397078d5d9668d55
https://conda.anaconda.org/pytorch/linux-64/pytorch-2.1.2-py3.11_cuda12.1_cudnn8.9.2_0.tar.bz2#a2cc44782e564d093ebf889f4734bf9d
https://conda.anaconda.org/conda-forge/noarch/torchmetrics-1.3.2-pyhd8ed1ab_0.conda#7d94763127fda157283dfb3cbe2dd1cb
https://conda.anaconda.org/pytorch/linux-64/torchtriton-2.1.0-py311.tar.bz2#744d1d077323261d5d5bec9ba3b1dfb0
https://conda.anaconda.org/conda-forge/noarch/pytorch-lightning-2.1.3-pyhd8ed1ab_0.conda#6cb9d53de00b53b4ec5722c96023e43d
https://conda.anaconda.org/conda-forge/noarch/lightning-2.2.0.post0-pyhd8ed1ab_0.conda#05fd64a367e3839d2e8c751f52adab6f
